
Microsoft Visual Studio Solution File, Format Version 12.00
# Visual Studio Version 17
VisualStudioVersion = 17.5.2.0
MinimumVisualStudioVersion = 10.0.40219.1
Project("{FAE04EC0-301F-11D3-BF4B-00C04F79EFBC}") = "TourPlanner.Api", "TourPlanner.Api\TourPlanner.Api.csproj", "{F3556024-B0F7-160D-617B-FD6B037B7A9B}"
EndProject
Project("{FAE04EC0-301F-11D3-BF4B-00C04F79EFBC}") = "TourPlanner.Bll", "TourPlanner.Bll\TourPlanner.Bll.csproj", "{33D6C541-69A5-4325-B277-C2DC35020EF6}"
EndProject
Project("{FAE04EC0-301F-11D3-BF4B-00C04F79EFBC}") = "TourPlanner.Models", "TourPlanner.Models\TourPlanner.Models.csproj", "{C08BF5D5-3BFB-4435-8025-8E358BF80D40}"
EndProject
Project("{FAE04EC0-301F-11D3-BF4B-00C04F79EFBC}") = "TourPlanner.Dal", "TourPlanner.Dal\TourPlanner.Dal.csproj", "{F43F8DB3-6125-48FA-BF69-4617E9750406}"
EndProject
Project("{FAE04EC0-301F-11D3-BF4B-00C04F79EFBC}") = "TourPlanner.Tests", "TourPlanner.Tests\TourPlanner.Tests.csproj", "{C4F4E803-EF3C-442B-BE93-7168C4DDA2E3}"
EndProject
Global
	GlobalSection(SolutionConfigurationPlatforms) = preSolution
		Debug|Any CPU = Debug|Any CPU
		Debug|x64 = Debug|x64
		Debug|x86 = Debug|x86
		Release|Any CPU = Release|Any CPU
		Release|x64 = Release|x64
		Release|x86 = Release|x86
	EndGlobalSection
	GlobalSection(ProjectConfigurationPlatforms) = postSolution
		{F3556024-B0F7-160D-617B-FD6B037B7A9B}.Debug|Any CPU.ActiveCfg = Debug|Any CPU
		{F3556024-B0F7-160D-617B-FD6B037B7A9B}.Debug|Any CPU.Build.0 = Debug|Any CPU
		{F3556024-B0F7-160D-617B-FD6B037B7A9B}.Debug|x64.ActiveCfg = Debug|Any CPU
		{F3556024-B0F7-160D-617B-FD6B037B7A9B}.Debug|x64.Build.0 = Debug|Any CPU
		{F3556024-B0F7-160D-617B-FD6B037B7A9B}.Debug|x86.ActiveCfg = Debug|Any CPU
		{F3556024-B0F7-160D-617B-FD6B037B7A9B}.Debug|x86.Build.0 = Debug|Any CPU
		{F3556024-B0F7-160D-617B-FD6B037B7A9B}.Release|Any CPU.ActiveCfg = Release|Any CPU
		{F3556024-B0F7-160D-617B-FD6B037B7A9B}.Release|Any CPU.Build.0 = Release|Any CPU
		{F3556024-B0F7-160D-617B-FD6B037B7A9B}.Release|x64.ActiveCfg = Release|Any CPU
		{F3556024-B0F7-160D-617B-FD6B037B7A9B}.Release|x64.Build.0 = Release|Any CPU
		{F3556024-B0F7-160D-617B-FD6B037B7A9B}.Release|x86.ActiveCfg = Release|Any CPU
		{F3556024-B0F7-160D-617B-FD6B037B7A9B}.Release|x86.Build.0 = Release|Any CPU
		{33D6C541-69A5-4325-B277-C2DC35020EF6}.Debug|Any CPU.ActiveCfg = Debug|Any CPU
		{33D6C541-69A5-4325-B277-C2DC35020EF6}.Debug|Any CPU.Build.0 = Debug|Any CPU
		{33D6C541-69A5-4325-B277-C2DC35020EF6}.Debug|x64.ActiveCfg = Debug|Any CPU
		{33D6C541-69A5-4325-B277-C2DC35020EF6}.Debug|x64.Build.0 = Debug|Any CPU
		{33D6C541-69A5-4325-B277-C2DC35020EF6}.Debug|x86.ActiveCfg = Debug|Any CPU
		{33D6C541-69A5-4325-B277-C2DC35020EF6}.Debug|x86.Build.0 = Debug|Any CPU
		{33D6C541-69A5-4325-B277-C2DC35020EF6}.Release|Any CPU.ActiveCfg = Release|Any CPU
		{33D6C541-69A5-4325-B277-C2DC35020EF6}.Release|Any CPU.Build.0 = Release|Any CPU
		{33D6C541-69A5-4325-B277-C2DC35020EF6}.Release|x64.ActiveCfg = Release|Any CPU
		{33D6C541-69A5-4325-B277-C2DC35020EF6}.Release|x64.Build.0 = Release|Any CPU
		{33D6C541-69A5-4325-B277-C2DC35020EF6}.Release|x86.ActiveCfg = Release|Any CPU
		{33D6C541-69A5-4325-B277-C2DC35020EF6}.Release|x86.Build.0 = Release|Any CPU
		{C08BF5D5-3BFB-4435-8025-8E358BF80D40}.Debug|Any CPU.ActiveCfg = Debug|Any CPU
		{C08BF5D5-3BFB-4435-8025-8E358BF80D40}.Debug|Any CPU.Build.0 = Debug|Any CPU
		{C08BF5D5-3BFB-4435-8025-8E358BF80D40}.Debug|x64.ActiveCfg = Debug|Any CPU
		{C08BF5D5-3BFB-4435-8025-8E358BF80D40}.Debug|x64.Build.0 = Debug|Any CPU
		{C08BF5D5-3BFB-4435-8025-8E358BF80D40}.Debug|x86.ActiveCfg = Debug|Any CPU
		{C08BF5D5-3BFB-4435-8025-8E358BF80D40}.Debug|x86.Build.0 = Debug|Any CPU
		{C08BF5D5-3BFB-4435-8025-8E358BF80D40}.Release|Any CPU.ActiveCfg = Release|Any CPU
		{C08BF5D5-3BFB-4435-8025-8E358BF80D40}.Release|Any CPU.Build.0 = Release|Any CPU
		{C08BF5D5-3BFB-4435-8025-8E358BF80D40}.Release|x64.ActiveCfg = Release|Any CPU
		{C08BF5D5-3BFB-4435-8025-8E358BF80D40}.Release|x64.Build.0 = Release|Any CPU
		{C08BF5D5-3BFB-4435-8025-8E358BF80D40}.Release|x86.ActiveCfg = Release|Any CPU
		{C08BF5D5-3BFB-4435-8025-8E358BF80D40}.Release|x86.Build.0 = Release|Any CPU
		{F43F8DB3-6125-48FA-BF69-4617E9750406}.Debug|Any CPU.ActiveCfg = Debug|Any CPU
		{F43F8DB3-6125-48FA-BF69-4617E9750406}.Debug|Any CPU.Build.0 = Debug|Any CPU
		{F43F8DB3-6125-48FA-BF69-4617E9750406}.Debug|x64.ActiveCfg = Debug|Any CPU
		{F43F8DB3-6125-48FA-BF69-4617E9750406}.Debug|x64.Build.0 = Debug|Any CPU
		{F43F8DB3-6125-48FA-BF69-4617E9750406}.Debug|x86.ActiveCfg = Debug|Any CPU
		{F43F8DB3-6125-48FA-BF69-4617E9750406}.Debug|x86.Build.0 = Debug|Any CPU
		{F43F8DB3-6125-48FA-BF69-4617E9750406}.Release|Any CPU.ActiveCfg = Release|Any CPU
		{F43F8DB3-6125-48FA-BF69-4617E9750406}.Release|Any CPU.Build.0 = Release|Any CPU
		{F43F8DB3-6125-48FA-BF69-4617E9750406}.Release|x64.ActiveCfg = Release|Any CPU
		{F43F8DB3-6125-48FA-BF69-4617E9750406}.Release|x64.Build.0 = Release|Any CPU
		{F43F8DB3-6125-48FA-BF69-4617E9750406}.Release|x86.ActiveCfg = Release|Any CPU
		{F43F8DB3-6125-48FA-BF69-4617E9750406}.Release|x86.Build.0 = Release|Any CPU
		{C4F4E803-EF3C-442B-BE93-7168C4DDA2E3}.Debug|Any CPU.ActiveCfg = Debug|Any CPU
		{C4F4E803-EF3C-442B-BE93-7168C4DDA2E3}.Debug|Any CPU.Build.0 = Debug|Any CPU
		{C4F4E803-EF3C-442B-BE93-7168C4DDA2E3}.Debug|x64.ActiveCfg = Debug|Any CPU
		{C4F4E803-EF3C-442B-BE93-7168C4DDA2E3}.Debug|x64.Build.0 = Debug|Any CPU
		{C4F4E803-EF3C-442B-BE93-7168C4DDA2E3}.Debug|x86.ActiveCfg = Debug|Any CPU
		{C4F4E803-EF3C-442B-BE93-7168C4DDA2E3}.Debug|x86.Build.0 = Debug|Any CPU
		{C4F4E803-EF3C-442B-BE93-7168C4DDA2E3}.Release|Any CPU.ActiveCfg = Release|Any CPU
		{C4F4E803-EF3C-442B-BE93-7168C4DDA2E3}.Release|Any CPU.Build.0 = Release|Any CPU
		{C4F4E803-EF3C-442B-BE93-7168C4DDA2E3}.Release|x64.ActiveCfg = Release|Any CPU
		{C4F4E803-EF3C-442B-BE93-7168C4DDA2E3}.Release|x64.Build.0 = Release|Any CPU
		{C4F4E803-EF3C-442B-BE93-7168C4DDA2E3}.Release|x86.ActiveCfg = Release|Any CPU
		{C4F4E803-EF3C-442B-BE93-7168C4DDA2E3}.Release|x86.Build.0 = Release|Any CPU
	EndGlobalSection
	GlobalSection(SolutionProperties) = preSolution
		HideSolutionNode = FALSE
	EndGlobalSection
	GlobalSection(ExtensibilityGlobals) = postSolution
		SolutionGuid = {5310A249-8139-48B0-8D39-A18F0E911015}
	EndGlobalSection
EndGlobal
